# This file is machine-generated by `gh actions-lock`.
# Do not edit by hand; run `gh actions-lock` to update.
# Docs: https://gh.io/actions-lockfile
version: 'v0.0.2'
workflows:
    '.github/workflows/ci.yml':
        - 'actions/checkout@v4.4.0'
    '.github/workflows/release.yml':
        - 'actions/checkout@v4.4.0'
        - 'actions/download-artifact@v4.3.0'
        - 'actions/upload-artifact@v4.6.2'
dependencies:
    'actions/checkout@v4.4.0':
        ref: 'v4.4.0'
        commit: 'sha1-11d5960a326750d5838078e36cf38b85af677262'
        owner_id: 44036562
        repo_id: 197814629
    'actions/download-artifact@v4.3.0':
        ref: 'v4.3.0'
        commit: 'sha1-d3f86a106a0bac45b974a628896c90dbdf5c8093'
        owner_id: 44036562
        repo_id: 192626254
    'actions/upload-artifact@v4.6.2':
        ref: 'v4.6.2'
        commit: 'sha1-ea165f8d65b6e75b540449e92b4886f43607fa02'
        owner_id: 44036562
        repo_id: 192625955
